
Microsoft Visual Studio Solution File, Format Version 12.00
# Visual Studio 2012
Project("{FAE04EC0-301F-11D3-BF4B-00C04F79EFBC}") = "EventBooking", "EventBooking\EventBooking.csproj", "{816DEB65-B3B5-4465-B697-7AFEA12B24B3}"
EndProject
Project("{FAE04EC0-301F-11D3-BF4B-00C04F79EFBC}") = "EventBooking.Tests", "EventBooking.Tests\EventBooking.Tests.csproj", "{4FF794BE-B665-4537-A999-82526EAD6FD4}"
EndProject
Project("{FAE04EC0-301F-11D3-BF4B-00C04F79EFBC}") = "EventBooking.Data", "EventBooking.Data\EventBooking.Data.csproj", "{4F7A1658-6752-4920-8D8F-67A391E548F4}"
EndProject
Global
	GlobalSection(SolutionConfigurationPlatforms) = preSolution
		Debug|Any CPU = Debug|Any CPU
		Release|Any CPU = Release|Any CPU
	EndGlobalSection
	GlobalSection(ProjectConfigurationPlatforms) = postSolution
		{816DEB65-B3B5-4465-B697-7AFEA12B24B3}.Debug|Any CPU.ActiveCfg = Debug|Any CPU
		{816DEB65-B3B5-4465-B697-7AFEA12B24B3}.Debug|Any CPU.Build.0 = Debug|Any CPU
		{816DEB65-B3B5-4465-B697-7AFEA12B24B3}.Release|Any CPU.ActiveCfg = Release|Any CPU
		{816DEB65-B3B5-4465-B697-7AFEA12B24B3}.Release|Any CPU.Build.0 = Release|Any CPU
		{4FF794BE-B665-4537-A999-82526EAD6FD4}.Debug|Any CPU.ActiveCfg = Debug|Any CPU
		{4FF794BE-B665-4537-A999-82526EAD6FD4}.Debug|Any CPU.Build.0 = Debug|Any CPU
		{4FF794BE-B665-4537-A999-82526EAD6FD4}.Release|Any CPU.ActiveCfg = Release|Any CPU
		{4FF794BE-B665-4537-A999-82526EAD6FD4}.Release|Any CPU.Build.0 = Release|Any CPU
		{4F7A1658-6752-4920-8D8F-67A391E548F4}.Debug|Any CPU.ActiveCfg = Debug|Any CPU
		{4F7A1658-6752-4920-8D8F-67A391E548F4}.Debug|Any CPU.Build.0 = Debug|Any CPU
		{4F7A1658-6752-4920-8D8F-67A391E548F4}.Release|Any CPU.ActiveCfg = Release|Any CPU
		{4F7A1658-6752-4920-8D8F-67A391E548F4}.Release|Any CPU.Build.0 = Release|Any CPU
	EndGlobalSection
	GlobalSection(SolutionProperties) = preSolution
		HideSolutionNode = FALSE
	EndGlobalSection
EndGlobal
